
Microsoft Visual Studio Solution File, Format Version 12.00
# Visual Studio Version 17
VisualStudioVersion = 17.8.34511.84
MinimumVisualStudioVersion = 10.0.40219.1
Project("{FAE04EC0-301F-11D3-BF4B-00C04F79EFBC}") = "WebCrawler", "WebCrawler.csproj", "{E8E972D8-2EF6-410F-B663-F418748F0CBD}"
EndProject
Global
	GlobalSection(SolutionConfigurationPlatforms) = preSolution
		Debug|Any CPU = Debug|Any CPU
		Release|Any CPU = Release|Any CPU
	EndGlobalSection
	GlobalSection(ProjectConfigurationPlatforms) = postSolution
		{E8E972D8-2EF6-410F-B663-F418748F0CBD}.Debug|Any CPU.ActiveCfg = Debug|Any CPU
		{E8E972D8-2EF6-410F-B663-F418748F0CBD}.Debug|Any CPU.Build.0 = Debug|Any CPU
		{E8E972D8-2EF6-410F-B663-F418748F0CBD}.Release|Any CPU.ActiveCfg = Release|Any CPU
		{E8E972D8-2EF6-410F-B663-F418748F0CBD}.Release|Any CPU.Build.0 = Release|Any CPU
	EndGlobalSection
	GlobalSection(SolutionProperties) = preSolution
		HideSolutionNode = FALSE
	EndGlobalSection
	GlobalSection(ExtensibilityGlobals) = postSolution
		SolutionGuid = {48E0CF0F-4BE7-4922-9788-45AD56B0940D}
	EndGlobalSection
EndGlobal
